
Microsoft Visual Studio Solution File, Format Version 12.00
# Visual Studio Version 16
VisualStudioVersion = 16.0.31424.327
MinimumVisualStudioVersion = 10.0.40219.1
Project("{9A19103F-16F7-4668-BE54-9A1E7A4F7556}") = "GitCard.API", "GitCard.API\GitCard.API.csproj", "{1CB45CA6-11F5-4B77-A0A4-9D170E1F8369}"
EndProject
Project("{FAE04EC0-301F-11D3-BF4B-00C04F79EFBC}") = "GiftCard.MsTest", "GiftCard.MsTest\GiftCard.MsTest.csproj", "{0F67BC2B-875E-41A9-8552-FA9DE020CAF5}"
EndProject
Global
	GlobalSection(SolutionConfigurationPlatforms) = preSolution
		Debug|Any CPU = Debug|Any CPU
		Release|Any CPU = Release|Any CPU
	EndGlobalSection
	GlobalSection(ProjectConfigurationPlatforms) = postSolution
		{1CB45CA6-11F5-4B77-A0A4-9D170E1F8369}.Debug|Any CPU.ActiveCfg = Debug|Any CPU
		{1CB45CA6-11F5-4B77-A0A4-9D170E1F8369}.Debug|Any CPU.Build.0 = Debug|Any CPU
		{1CB45CA6-11F5-4B77-A0A4-9D170E1F8369}.Release|Any CPU.ActiveCfg = Release|Any CPU
		{1CB45CA6-11F5-4B77-A0A4-9D170E1F8369}.Release|Any CPU.Build.0 = Release|Any CPU
		{0F67BC2B-875E-41A9-8552-FA9DE020CAF5}.Debug|Any CPU.ActiveCfg = Debug|Any CPU
		{0F67BC2B-875E-41A9-8552-FA9DE020CAF5}.Debug|Any CPU.Build.0 = Debug|Any CPU
		{0F67BC2B-875E-41A9-8552-FA9DE020CAF5}.Release|Any CPU.ActiveCfg = Release|Any CPU
		{0F67BC2B-875E-41A9-8552-FA9DE020CAF5}.Release|Any CPU.Build.0 = Release|Any CPU
	EndGlobalSection
	GlobalSection(SolutionProperties) = preSolution
		HideSolutionNode = FALSE
	EndGlobalSection
	GlobalSection(ExtensibilityGlobals) = postSolution
		SolutionGuid = {99B5C873-A8E6-41E3-BD0F-F49E2BAB5AE9}
	EndGlobalSection
EndGlobal
